// !$*UTF8*$!
{
	archiveVersion = 1;
	classes = {
	};
	objectVersion = 55;
	objects = {

/* Begin PBXBuildFile section */
		254EB3A02A0206C700AE8E78 /* AppDelegate.swift in Sources */ = {isa = PBXBuildFile; fileRef = 254EB39F2A0206C700AE8E78 /* AppDelegate.swift */; };
		254EB3A22A0206C700AE8E78 /* SceneDelegate.swift in Sources */ = {isa = PBXBuildFile; fileRef = 254EB3A12A0206C700AE8E78 /* SceneDelegate.swift */; };
		254EB3A42A0206C700AE8E78 /* ViewController.swift in Sources */ = {isa = PBXBuildFile; fileRef = 254EB3A32A0206C700AE8E78 /* ViewController.swift */; };
		254EB3A72A0206C700AE8E78 /* Main.storyboard in Resources */ = {isa = PBXBuildFile; fileRef = 254EB3A52A0206C700AE8E78 /* Main.storyboard */; };
		254EB3A92A0206C800AE8E78 /* Assets.xcassets in Resources */ = {isa = PBXBuildFile; fileRef = 254EB3A82A0206C800AE8E78 /* Assets.xcassets */; };
		254EB3AC2A0206C800AE8E78 /* LaunchScreen.storyboard in Resources */ = {isa = PBXBuildFile; fileRef = 254EB3AA2A0206C800AE8E78 /* LaunchScreen.storyboard */; };
		254EB3B72A0206C800AE8E78 /* ContainerViewProjectsTests.swift in Sources */ = {isa = PBXBuildFile; fileRef = 254EB3B62A0206C800AE8E78 /* ContainerViewProjectsTests.swift */; };
		254EB3C12A0206C800AE8E78 /* ContainerViewProjectsUITests.swift in Sources */ = {isa = PBXBuildFile; fileRef = 254EB3C02A0206C800AE8E78 /* ContainerViewProjectsUITests.swift */; };
		254EB3C32A0206C800AE8E78 /* ContainerViewProjectsUITestsLaunchTests.swift in Sources */ = {isa = PBXBuildFile; fileRef = 254EB3C22A0206C800AE8E78 /* ContainerViewProjectsUITestsLaunchTests.swift */; };
		254EB3D02A0247F900AE8E78 /* SecondViewController.swift in Sources */ = {isa = PBXBuildFile; fileRef = 254EB3CF2A0247F900AE8E78 /* SecondViewController.swift */; };
		254EB3D32A024AE300AE8E78 /* SecondFragmentViewController.swift in Sources */ = {isa = PBXBuildFile; fileRef = 254EB3D12A024AE300AE8E78 /* SecondFragmentViewController.swift */; };
		254EB3D42A024AE300AE8E78 /* SecondFragmentViewController.xib in Resources */ = {isa = PBXBuildFile; fileRef = 254EB3D22A024AE300AE8E78 /* SecondFragmentViewController.xib */; };
		254EB3D62A024B1600AE8E78 /* SecondController.swift in Sources */ = {isa = PBXBuildFile; fileRef = 254EB3D52A024B1600AE8E78 /* SecondController.swift */; };
		254EB3D82A02562E00AE8E78 /* MapSecondController.swift in Sources */ = {isa = PBXBuildFile; fileRef = 254EB3D72A02562E00AE8E78 /* MapSecondController.swift */; };
		254EB3DA2A02616400AE8E78 /* TableViewController.swift in Sources */ = {isa = PBXBuildFile; fileRef = 254EB3D92A02616400AE8E78 /* TableViewController.swift */; };
/* End PBXBuildFile section */

/* Begin PBXContainerItemProxy section */
		254EB3B32A0206C800AE8E78 /* PBXContainerItemProxy */ = {
			isa = PBXContainerItemProxy;
			containerPortal = 254EB3942A0206C700AE8E78 /* Project object */;
			proxyType = 1;
			remoteGlobalIDString = 254EB39B2A0206C700AE8E78;
			remoteInfo = ContainerViewProjects;
		};
		254EB3BD2A0206C800AE8E78 /* PBXContainerItemProxy */ = {
			isa = PBXContainerItemProxy;
			containerPortal = 254EB3942A0206C700AE8E78 /* Project object */;
			proxyType = 1;
			remoteGlobalIDString = 254EB39B2A0206C700AE8E78;
			remoteInfo = ContainerViewProjects;
		};
/* End PBXContainerItemProxy section */

/* Begin PBXFileReference section */
		254EB39C2A0206C700AE8E78 /* ContainerViewProjects.app */ = {isa = PBXFileReference; explicitFileType = wrapper.application; includeInIndex = 0; path = ContainerViewProjects.app; sourceTree = BUILT_PRODUCTS_DIR; };
		254EB39F2A0206C700AE8E78 /* AppDelegate.swift */ = {isa = PBXFileReference; lastKnownFileType = sourcecode.swift; path = AppDelegate.swift; sourceTree = "<group>"; };
		254EB3A12A0206C700AE8E78 /* SceneDelegate.swift */ = {isa = PBXFileReference; lastKnownFileType = sourcecode.swift; path = SceneDelegate.swift; sourceTree = "<group>"; };
		254EB3A32A0206C700AE8E78 /* ViewController.swift */ = {isa = PBXFileReference; lastKnownFileType = sourcecode.swift; path = ViewController.swift; sourceTree = "<group>"; };
		254EB3A62A0206C700AE8E78 /* Base */ = {isa = PBXFileReference; lastKnownFileType = file.storyboard; name = Base; path = Base.lproj/Main.storyboard; sourceTree = "<group>"; };
		254EB3A82A0206C800AE8E78 /* Assets.xcassets */ = {isa = PBXFileReference; lastKnownFileType = folder.assetcatalog; path = Assets.xcassets; sourceTree = "<group>"; };
		254EB3AB2A0206C800AE8E78 /* Base */ = {isa = PBXFileReference; lastKnownFileType = file.storyboard; name = Base; path = Base.lproj/LaunchScreen.storyboard; sourceTree = "<group>"; };
		254EB3AD2A0206C800AE8E78 /* Info.plist */ = {isa = PBXFileReference; lastKnownFileType = text.plist.xml; path = Info.plist; sourceTree = "<group>"; };
		254EB3B22A0206C800AE8E78 /* ContainerViewProjectsTests.xctest */ = {isa = PBXFileReference; explicitFileType = wrapper.cfbundle; includeInIndex = 0; path = ContainerViewProjectsTests.xctest; sourceTree = BUILT_PRODUCTS_DIR; };
		254EB3B62A0206C800AE8E78 /* ContainerViewProjectsTests.swift */ = {isa = PBXFileReference; lastKnownFileType = sourcecode.swift; path = ContainerViewProjectsTests.swift; sourceTree = "<group>"; };
		254EB3BC2A0206C800AE8E78 /* ContainerViewProjectsUITests.xctest */ = {isa = PBXFileReference; explicitFileType = wrapper.cfbundle; includeInIndex = 0; path = ContainerViewProjectsUITests.xctest; sourceTree = BUILT_PRODUCTS_DIR; };
		254EB3C02A0206C800AE8E78 /* ContainerViewProjectsUITests.swift */ = {isa = PBXFileReference; lastKnownFileType = sourcecode.swift; path = ContainerViewProjectsUITests.swift; sourceTree = "<group>"; };
		254EB3C22A0206C800AE8E78 /* ContainerViewProjectsUITestsLaunchTests.swift */ = {isa = PBXFileReference; lastKnownFileType = sourcecode.swift; path = ContainerViewProjectsUITestsLaunchTests.swift; sourceTree = "<group>"; };
		254EB3CF2A0247F900AE8E78 /* SecondViewController.swift */ = {isa = PBXFileReference; lastKnownFileType = sourcecode.swift; path = SecondViewController.swift; sourceTree = "<group>"; };
		254EB3D12A024AE300AE8E78 /* SecondFragmentViewController.swift */ = {isa = PBXFileReference; lastKnownFileType = sourcecode.swift; path = SecondFragmentViewController.swift; sourceTree = "<group>"; };
		254EB3D22A024AE300AE8E78 /* SecondFragmentViewController.xib */ = {isa = PBXFileReference; lastKnownFileType = file.xib; path = SecondFragmentViewController.xib; sourceTree = "<group>"; };
		254EB3D52A024B1600AE8E78 /* SecondController.swift */ = {isa = PBXFileReference; lastKnownFileType = sourcecode.swift; path = SecondController.swift; sourceTree = "<group>"; };
		254EB3D72A02562E00AE8E78 /* MapSecondController.swift */ = {isa = PBXFileReference; lastKnownFileType = sourcecode.swift; path = MapSecondController.swift; sourceTree = "<group>"; };
		254EB3D92A02616400AE8E78 /* TableViewController.swift */ = {isa = PBXFileReference; lastKnownFileType = sourcecode.swift; path = TableViewController.swift; sourceTree = "<group>"; };
/* End PBXFileReference section */

/* Begin PBXFrameworksBuildPhase section */
		254EB3992A0206C700AE8E78 /* Frameworks */ = {
			isa = PBXFrameworksBuildPhase;
			buildActionMask = 2147483647;
			files = (
			);
			runOnlyForDeploymentPostprocessing = 0;
		};
		254EB3AF2A0206C800AE8E78 /* Frameworks */ = {
			isa = PBXFrameworksBuildPhase;
			buildActionMask = 2147483647;
			files = (
			);
			runOnlyForDeploymentPostprocessing = 0;
		};
		254EB3B92A0206C800AE8E78 /* Frameworks */ = {
			isa = PBXFrameworksBuildPhase;
			buildActionMask = 2147483647;
			files = (
			);
			runOnlyForDeploymentPostprocessing = 0;
		};
/* End PBXFrameworksBuildPhase section */

/* Begin PBXGroup section */
		254EB3932A0206C700AE8E78 = {
			isa = PBXGroup;
			children = (
				254EB39E2A0206C700AE8E78 /* ContainerViewProjects */,
				254EB3B52A0206C800AE8E78 /* ContainerViewProjectsTests */,
				254EB3BF2A0206C800AE8E78 /* ContainerViewProjectsUITests */,
				254EB39D2A0206C700AE8E78 /* Products */,
			);
			sourceTree = "<group>";
		};
		254EB39D2A0206C700AE8E78 /* Products */ = {
			isa = PBXGroup;
			children = (
				254EB39C2A0206C700AE8E78 /* ContainerViewProjects.app */,
				254EB3B22A0206C800AE8E78 /* ContainerViewProjectsTests.xctest */,
				254EB3BC2A0206C800AE8E78 /* ContainerViewProjectsUITests.xctest */,
			);
			name = Products;
			sourceTree = "<group>";
		};
		254EB39E2A0206C700AE8E78 /* ContainerViewProjects */ = {
			isa = PBXGroup;
			children = (
				254EB39F2A0206C700AE8E78 /* AppDelegate.swift */,
				254EB3A12A0206C700AE8E78 /* SceneDelegate.swift */,
				254EB3A32A0206C700AE8E78 /* ViewController.swift */,
				254EB3D92A02616400AE8E78 /* TableViewController.swift */,
				254EB3D52A024B1600AE8E78 /* SecondController.swift */,
				254EB3D72A02562E00AE8E78 /* MapSecondController.swift */,
				254EB3A52A0206C700AE8E78 /* Main.storyboard */,
				254EB3A82A0206C800AE8E78 /* Assets.xcassets */,
				254EB3AA2A0206C800AE8E78 /* LaunchScreen.storyboard */,
				254EB3AD2A0206C800AE8E78 /* Info.plist */,
				254EB3CF2A0247F900AE8E78 /* SecondViewController.swift */,
				254EB3D12A024AE300AE8E78 /* SecondFragmentViewController.swift */,
				254EB3D22A024AE300AE8E78 /* SecondFragmentViewController.xib */,
			);
			path = ContainerViewProjects;
			sourceTree = "<group>";
		};
		254EB3B52A0206C800AE8E78 /* ContainerViewProjectsTests */ = {
			isa = PBXGroup;
			children = (
				254EB3B62A0206C800AE8E78 /* ContainerViewProjectsTests.swift */,
			);
			path = ContainerViewProjectsTests;
			sourceTree = "<group>";
		};
		254EB3BF2A0206C800AE8E78 /* ContainerViewProjectsUITests */ = {
			isa = PBXGroup;
			children = (
				254EB3C02A0206C800AE8E78 /* ContainerViewProjectsUITests.swift */,
				254EB3C22A0206C800AE8E78 /* ContainerViewProjectsUITestsLaunchTests.swift */,
			);
			path = ContainerViewProjectsUITests;
			sourceTree = "<group>";
		};
/* End PBXGroup section */

/* Begin PBXNativeTarget section */
		254EB39B2A0206C700AE8E78 /* ContainerViewProjects */ = {
			isa = PBXNativeTarget;
			buildConfigurationList = 254EB3C62A0206C800AE8E78 /* Build configuration list for PBXNativeTarget "ContainerViewProjects" */;
			buildPhases = (
				254EB3982A0206C700AE8E78 /* Sources */,
				254EB3992A0206C700AE8E78 /* Frameworks */,
				254EB39A2A0206C700AE8E78 /* Resources */,
			);
			buildRules = (
			);
			dependencies = (
			);
			name = ContainerViewProjects;
			productName = ContainerViewProjects;
			productReference = 254EB39C2A0206C700AE8E78 /* ContainerViewProjects.app */;
			productType = "com.apple.product-type.application";
		};
		254EB3B12A0206C800AE8E78 /* ContainerViewProjectsTests */ = {
			isa = PBXNativeTarget;
			buildConfigurationList = 254EB3C92A0206C800AE8E78 /* Build configuration list for PBXNativeTarget "ContainerViewProjectsTests" */;
			buildPhases = (
				254EB3AE2A0206C800AE8E78 /* Sources */,
				254EB3AF2A0206C800AE8E78 /* Frameworks */,
				254EB3B02A0206C800AE8E78 /* Resources */,
			);
			buildRules = (
			);
			dependencies = (
				254EB3B42A0206C800AE8E78 /* PBXTargetDependency */,
			);
			name = ContainerViewProjectsTests;
			productName = ContainerViewProjectsTests;
			productReference = 254EB3B22A0206C800AE8E78 /* ContainerViewProjectsTests.xctest */;
			productType = "com.apple.product-type.bundle.unit-test";
		};
		254EB3BB2A0206C800AE8E78 /* ContainerViewProjectsUITests */ = {
			isa = PBXNativeTarget;
			buildConfigurationList = 254EB3CC2A0206C800AE8E78 /* Build configuration list for PBXNativeTarget "ContainerViewProjectsUITests" */;
			buildPhases = (
				254EB3B82A0206C800AE8E78 /* Sources */,
				254EB3B92A0206C800AE8E78 /* Frameworks */,
				254EB3BA2A0206C800AE8E78 /* Resources */,
			);
			buildRules = (
			);
			dependencies = (
				254EB3BE2A0206C800AE8E78 /* PBXTargetDependency */,
			);
			name = ContainerViewProjectsUITests;
			productName = ContainerViewProjectsUITests;
			productReference = 254EB3BC2A0206C800AE8E78 /* ContainerViewProjectsUITests.xctest */;
			productType = "com.apple.product-type.bundle.ui-testing";
		};
/* End PBXNativeTarget section */

/* Begin PBXProject section */
		254EB3942A0206C700AE8E78 /* Project object */ = {
			isa = PBXProject;
			attributes = {
				BuildIndependentTargetsInParallel = 1;
				LastSwiftUpdateCheck = 1310;
				LastUpgradeCheck = 1310;
				TargetAttributes = {
					254EB39B2A0206C700AE8E78 = {
						CreatedOnToolsVersion = 13.1;
					};
					254EB3B12A0206C800AE8E78 = {
						CreatedOnToolsVersion = 13.1;
						TestTargetID = 254EB39B2A0206C700AE8E78;
					};
					254EB3BB2A0206C800AE8E78 = {
						CreatedOnToolsVersion = 13.1;
						TestTargetID = 254EB39B2A0206C700AE8E78;
					};
				};
			};
			buildConfigurationList = 254EB3972A0206C700AE8E78 /* Build configuration list for PBXProject "ContainerViewProjects" */;
			compatibilityVersion = "Xcode 13.0";
			developmentRegion = en;
			hasScannedForEncodings = 0;
			knownRegions = (
				en,
				Base,
			);
			mainGroup = 254EB3932A0206C700AE8E78;
			productRefGroup = 254EB39D2A0206C700AE8E78 /* Products */;
			projectDirPath = "";
			projectRoot = "";
			targets = (
				254EB39B2A0206C700AE8E78 /* ContainerViewProjects */,
				254EB3B12A0206C800AE8E78 /* ContainerViewProjectsTests */,
				254EB3BB2A0206C800AE8E78 /* ContainerViewProjectsUITests */,
			);
		};
/* End PBXProject section */

/* Begin PBXResourcesBuildPhase section */
		254EB39A2A0206C700AE8E78 /* Resources */ = {
			isa = PBXResourcesBuildPhase;
			buildActionMask = 2147483647;
			files = (
				254EB3D42A024AE300AE8E78 /* SecondFragmentViewController.xib in Resources */,
				254EB3AC2A0206C800AE8E78 /* LaunchScreen.storyboard in Resources */,
				254EB3A92A0206C800AE8E78 /* Assets.xcassets in Resources */,
				254EB3A72A0206C700AE8E78 /* Main.storyboard in Resources */,
			);
			runOnlyForDeploymentPostprocessing = 0;
		};
		254EB3B02A0206C800AE8E78 /* Resources */ = {
			isa = PBXResourcesBuildPhase;
			buildActionMask = 2147483647;
			files = (
			);
			runOnlyForDeploymentPostprocessing = 0;
		};
		254EB3BA2A0206C800AE8E78 /* Resources */ = {
			isa = PBXResourcesBuildPhase;
			buildActionMask = 2147483647;
			files = (
			);
			runOnlyForDeploymentPostprocessing = 0;
		};
/* End PBXResourcesBuildPhase section */

/* Begin PBXSourcesBuildPhase section */
		254EB3982A0206C700AE8E78 /* Sources */ = {
			isa = PBXSourcesBuildPhase;
			buildActionMask = 2147483647;
			files = (
				254EB3D02A0247F900AE8E78 /* SecondViewController.swift in Sources */,
				254EB3D82A02562E00AE8E78 /* MapSecondController.swift in Sources */,
				254EB3D32A024AE300AE8E78 /* SecondFragmentViewController.swift in Sources */,
				254EB3DA2A02616400AE8E78 /* TableViewController.swift in Sources */,
				254EB3A42A0206C700AE8E78 /* ViewController.swift in Sources */,
				254EB3D62A024B1600AE8E78 /* SecondController.swift in Sources */,
				254EB3A02A0206C700AE8E78 /* AppDelegate.swift in Sources */,
				254EB3A22A0206C700AE8E78 /* SceneDelegate.swift in Sources */,
			);
			runOnlyForDeploymentPostprocessing = 0;
		};
		254EB3AE2A0206C800AE8E78 /* Sources */ = {
			isa = PBXSourcesBuildPhase;
			buildActionMask = 2147483647;
			files = (
				254EB3B72A0206C800AE8E78 /* ContainerViewProjectsTests.swift in Sources */,
			);
			runOnlyForDeploymentPostprocessing = 0;
		};
		254EB3B82A0206C800AE8E78 /* Sources */ = {
			isa = PBXSourcesBuildPhase;
			buildActionMask = 2147483647;
			files = (
				254EB3C12A0206C800AE8E78 /* ContainerViewProjectsUITests.swift in Sources */,
				254EB3C32A0206C800AE8E78 /* ContainerViewProjectsUITestsLaunchTests.swift in Sources */,
			);
			runOnlyForDeploymentPostprocessing = 0;
		};
/* End PBXSourcesBuildPhase section */

/* Begin PBXTargetDependency section */
		254EB3B42A0206C800AE8E78 /* PBXTargetDependency */ = {
			isa = PBXTargetDependency;
			target = 254EB39B2A0206C700AE8E78 /* ContainerViewProjects */;
			targetProxy = 254EB3B32A0206C800AE8E78 /* PBXContainerItemProxy */;
		};
		254EB3BE2A0206C800AE8E78 /* PBXTargetDependency */ = {
			isa = PBXTargetDependency;
			target = 254EB39B2A0206C700AE8E78 /* ContainerViewProjects */;
			targetProxy = 254EB3BD2A0206C800AE8E78 /* PBXContainerItemProxy */;
		};
/* End PBXTargetDependency section */

/* Begin PBXVariantGroup section */
		254EB3A52A0206C700AE8E78 /* Main.storyboard */ = {
			isa = PBXVariantGroup;
			children = (
				254EB3A62A0206C700AE8E78 /* Base */,
			);
			name = Main.storyboard;
			sourceTree = "<group>";
		};
		254EB3AA2A0206C800AE8E78 /* LaunchScreen.storyboard */ = {
			isa = PBXVariantGroup;
			children = (
				254EB3AB2A0206C800AE8E78 /* Base */,
			);
			name = LaunchScreen.storyboard;
			sourceTree = "<group>";
		};
/* End PBXVariantGroup section */

/* Begin XCBuildConfiguration section */
		254EB3C42A0206C800AE8E78 /* Debug */ = {
			isa = XCBuildConfiguration;
			buildSettings = {
				ALWAYS_SEARCH_USER_PATHS = NO;
				CLANG_ANALYZER_NONNULL = YES;
				CLANG_ANALYZER_NUMBER_OBJECT_CONVERSION = YES_AGGRESSIVE;
				CLANG_CXX_LANGUAGE_STANDARD = "gnu++17";
				CLANG_CXX_LIBRARY = "libc++";
				CLANG_ENABLE_MODULES = YES;
				CLANG_ENABLE_OBJC_ARC = YES;
				CLANG_ENABLE_OBJC_WEAK = YES;
				CLANG_WARN_BLOCK_CAPTURE_AUTORELEASING = YES;
				CLANG_WARN_BOOL_CONVERSION = YES;
				CLANG_WARN_COMMA = YES;
				CLANG_WARN_CONSTANT_CONVERSION = YES;
				CLANG_WARN_DEPRECATED_OBJC_IMPLEMENTATIONS = YES;
				CLANG_WARN_DIRECT_OBJC_ISA_USAGE = YES_ERROR;
				CLANG_WARN_DOCUMENTATION_COMMENTS = YES;
				CLANG_WARN_EMPTY_BODY = YES;
				CLANG_WARN_ENUM_CONVERSION = YES;
				CLANG_WARN_INFINITE_RECURSION = YES;
				CLANG_WARN_INT_CONVERSION = YES;
				CLANG_WARN_NON_LITERAL_NULL_CONVERSION = YES;
				CLANG_WARN_OBJC_IMPLICIT_RETAIN_SELF = YES;
				CLANG_WARN_OBJC_LITERAL_CONVERSION = YES;
				CLANG_WARN_OBJC_ROOT_CLASS = YES_ERROR;
				CLANG_WARN_QUOTED_INCLUDE_IN_FRAMEWORK_HEADER = YES;
				CLANG_WARN_RANGE_LOOP_ANALYSIS = YES;
				CLANG_WARN_STRICT_PROTOTYPES = YES;
				CLANG_WARN_SUSPICIOUS_MOVE = YES;
				CLANG_WARN_UNGUARDED_AVAILABILITY = YES_AGGRESSIVE;
				CLANG_WARN_UNREACHABLE_CODE = YES;
				CLANG_WARN__DUPLICATE_METHOD_MATCH = YES;
				COPY_PHASE_STRIP = NO;
				DEBUG_INFORMATION_FORMAT = dwarf;
				ENABLE_STRICT_OBJC_MSGSEND = YES;
				ENABLE_TESTABILITY = YES;
				GCC_C_LANGUAGE_STANDARD = gnu11;
				GCC_DYNAMIC_NO_PIC = NO;
				GCC_NO_COMMON_BLOCKS = YES;
				GCC_OPTIMIZATION_LEVEL = 0;
				GCC_PREPROCESSOR_DEFINITIONS = (
					"DEBUG=1",
					"$(inherited)",
				);
				GCC_WARN_64_TO_32_BIT_CONVERSION = YES;
				GCC_WARN_ABOUT_RETURN_TYPE = YES_ERROR;
				GCC_WARN_UNDECLARED_SELECTOR = YES;
				GCC_WARN_UNINITIALIZED_AUTOS = YES_AGGRESSIVE;
				GCC_WARN_UNUSED_FUNCTION = YES;
				GCC_WARN_UNUSED_VARIABLE = YES;
				IPHONEOS_DEPLOYMENT_TARGET = 15.0;
				MTL_ENABLE_DEBUG_INFO = INCLUDE_SOURCE;
				MTL_FAST_MATH = YES;
				ONLY_ACTIVE_ARCH = YES;
				SDKROOT = iphoneos;
				SWIFT_ACTIVE_COMPILATION_CONDITIONS = DEBUG;
				SWIFT_OPTIMIZATION_LEVEL = "-Onone";
			};
			name = Debug;
		};
		254EB3C52A0206C800AE8E78 /* Release */ = {
			isa = XCBuildConfiguration;
			buildSettings = {
				ALWAYS_SEARCH_USER_PATHS = NO;
				CLANG_ANALYZER_NONNULL = YES;
				CLANG_ANALYZER_NUMBER_OBJECT_CONVERSION = YES_AGGRESSIVE;
				CLANG_CXX_LANGUAGE_STANDARD = "gnu++17";
				CLANG_CXX_LIBRARY = "libc++";
				CLANG_ENABLE_MODULES = YES;
				CLANG_ENABLE_OBJC_ARC = YES;
				CLANG_ENABLE_OBJC_WEAK = YES;
				CLANG_WARN_BLOCK_CAPTURE_AUTORELEASING = YES;
				CLANG_WARN_BOOL_CONVERSION = YES;
				CLANG_WARN_COMMA = YES;
				CLANG_WARN_CONSTANT_CONVERSION = YES;
				CLANG_WARN_DEPRECATED_OBJC_IMPLEMENTATIONS = YES;
				CLANG_WARN_DIRECT_OBJC_ISA_USAGE = YES_ERROR;
				CLANG_WARN_DOCUMENTATION_COMMENTS = YES;
				CLANG_WARN_EMPTY_BODY = YES;
				CLANG_WARN_ENUM_CONVERSION = YES;
				CLANG_WARN_INFINITE_RECURSION = YES;
				CLANG_WARN_INT_CONVERSION = YES;
				CLANG_WARN_NON_LITERAL_NULL_CONVERSION = YES;
				CLANG_WARN_OBJC_IMPLICIT_RETAIN_SELF = YES;
				CLANG_WARN_OBJC_LITERAL_CONVERSION = YES;
				CLANG_WARN_OBJC_ROOT_CLASS = YES_ERROR;
				CLANG_WARN_QUOTED_INCLUDE_IN_FRAMEWORK_HEADER = YES;
				CLANG_WARN_RANGE_LOOP_ANALYSIS = YES;
				CLANG_WARN_STRICT_PROTOTYPES = YES;
				CLANG_WARN_SUSPICIOUS_MOVE = YES;
				CLANG_WARN_UNGUARDED_AVAILABILITY = YES_AGGRESSIVE;
				CLANG_WARN_UNREACHABLE_CODE = YES;
				CLANG_WARN__DUPLICATE_METHOD_MATCH = YES;
				COPY_PHASE_STRIP = NO;
				DEBUG_INFORMATION_FORMAT = "dwarf-with-dsym";
				ENABLE_NS_ASSERTIONS = NO;
				ENABLE_STRICT_OBJC_MSGSEND = YES;
				GCC_C_LANGUAGE_STANDARD = gnu11;
				GCC_NO_COMMON_BLOCKS = YES;
				GCC_WARN_64_TO_32_BIT_CONVERSION = YES;
				GCC_WARN_ABOUT_RETURN_TYPE = YES_ERROR;
				GCC_WARN_UNDECLARED_SELECTOR = YES;
				GCC_WARN_UNINITIALIZED_AUTOS = YES_AGGRESSIVE;
				GCC_WARN_UNUSED_FUNCTION = YES;
				GCC_WARN_UNUSED_VARIABLE = YES;
				IPHONEOS_DEPLOYMENT_TARGET = 15.0;
				MTL_ENABLE_DEBUG_INFO = NO;
				MTL_FAST_MATH = YES;
				SDKROOT = iphoneos;
				SWIFT_COMPILATION_MODE = wholemodule;
				SWIFT_OPTIMIZATION_LEVEL = "-O";
				VALIDATE_PRODUCT = YES;
			};
			name = Release;
		};
		254EB3C72A0206C800AE8E78 /* Debug */ = {
			isa = XCBuildConfiguration;
			buildSettings = {
				ASSETCATALOG_COMPILER_APPICON_NAME = AppIcon;
				ASSETCATALOG_COMPILER_GLOBAL_ACCENT_COLOR_NAME = AccentColor;
				CODE_SIGN_STYLE = Automatic;
				CURRENT_PROJECT_VERSION = 1;
				GENERATE_INFOPLIST_FILE = YES;
				INFOPLIST_FILE = ContainerViewProjects/Info.plist;
				INFOPLIST_KEY_LSApplicationCategoryType = "";
				INFOPLIST_KEY_UIApplicationSupportsIndirectInputEvents = YES;
				INFOPLIST_KEY_UILaunchStoryboardName = LaunchScreen;
				INFOPLIST_KEY_UIMainStoryboardFile = Main;
				INFOPLIST_KEY_UISupportedInterfaceOrientations_iPad = "UIInterfaceOrientationPortrait UIInterfaceOrientationPortraitUpsideDown UIInterfaceOrientationLandscapeLeft UIInterfaceOrientationLandscapeRight";
				INFOPLIST_KEY_UISupportedInterfaceOrientations_iPhone = "UIInterfaceOrientationPortrait UIInterfaceOrientationLandscapeLeft UIInterfaceOrientationLandscapeRight";
				LD_RUNPATH_SEARCH_PATHS = (
					"$(inherited)",
					"@executable_path/Frameworks",
				);
				MARKETING_VERSION = 1.0;
				PRODUCT_BUNDLE_IDENTIFIER = "-56.ContainerViewProjects";
				PRODUCT_NAME = "$(TARGET_NAME)";
				SWIFT_EMIT_LOC_STRINGS = YES;
				SWIFT_VERSION = 5.0;
				TARGETED_DEVICE_FAMILY = "1,2";
			};
			name = Debug;
		};
		254EB3C82A0206C800AE8E78 /* Release */ = {
			isa = XCBuildConfiguration;
			buildSettings = {
				ASSETCATALOG_COMPILER_APPICON_NAME = AppIcon;
				ASSETCATALOG_COMPILER_GLOBAL_ACCENT_COLOR_NAME = AccentColor;
				CODE_SIGN_STYLE = Automatic;
				CURRENT_PROJECT_VERSION = 1;
				GENERATE_INFOPLIST_FILE = YES;
				INFOPLIST_FILE = ContainerViewProjects/Info.plist;
				INFOPLIST_KEY_LSApplicationCategoryType = "";
				INFOPLIST_KEY_UIApplicationSupportsIndirectInputEvents = YES;
				INFOPLIST_KEY_UILaunchStoryboardName = LaunchScreen;
				INFOPLIST_KEY_UIMainStoryboardFile = Main;
				INFOPLIST_KEY_UISupportedInterfaceOrientations_iPad = "UIInterfaceOrientationPortrait UIInterfaceOrientationPortraitUpsideDown UIInterfaceOrientationLandscapeLeft UIInterfaceOrientationLandscapeRight";
				INFOPLIST_KEY_UISupportedInterfaceOrientations_iPhone = "UIInterfaceOrientationPortrait UIInterfaceOrientationLandscapeLeft UIInterfaceOrientationLandscapeRight";
				LD_RUNPATH_SEARCH_PATHS = (
					"$(inherited)",
					"@executable_path/Frameworks",
				);
				MARKETING_VERSION = 1.0;
				PRODUCT_BUNDLE_IDENTIFIER = "-56.ContainerViewProjects";
				PRODUCT_NAME = "$(TARGET_NAME)";
				SWIFT_EMIT_LOC_STRINGS = YES;
				SWIFT_VERSION = 5.0;
				TARGETED_DEVICE_FAMILY = "1,2";
			};
			name = Release;
		};
		254EB3CA2A0206C800AE8E78 /* Debug */ = {
			isa = XCBuildConfiguration;
			buildSettings = {
				ALWAYS_EMBED_SWIFT_STANDARD_LIBRARIES = YES;
				BUNDLE_LOADER = "$(TEST_HOST)";
				CODE_SIGN_STYLE = Automatic;
				CURRENT_PROJECT_VERSION = 1;
				GENERATE_INFOPLIST_FILE = YES;
				IPHONEOS_DEPLOYMENT_TARGET = 15.0;
				LD_RUNPATH_SEARCH_PATHS = (
					"$(inherited)",
					"@executable_path/Frameworks",
					"@loader_path/Frameworks",
				);
				MARKETING_VERSION = 1.0;
				PRODUCT_BUNDLE_IDENTIFIER = "-56.ContainerViewProjectsTests";
				PRODUCT_NAME = "$(TARGET_NAME)";
				SWIFT_EMIT_LOC_STRINGS = NO;
				SWIFT_VERSION = 5.0;
				TARGETED_DEVICE_FAMILY = "1,2";
				TEST_HOST = "$(BUILT_PRODUCTS_DIR)/ContainerViewProjects.app/ContainerViewProjects";
			};
			name = Debug;
		};
		254EB3CB2A0206C800AE8E78 /* Release */ = {
			isa = XCBuildConfiguration;
			buildSettings = {
				ALWAYS_EMBED_SWIFT_STANDARD_LIBRARIES = YES;
				BUNDLE_LOADER = "$(TEST_HOST)";
				CODE_SIGN_STYLE = Automatic;
				CURRENT_PROJECT_VERSION = 1;
				GENERATE_INFOPLIST_FILE = YES;
				IPHONEOS_DEPLOYMENT_TARGET = 15.0;
				LD_RUNPATH_SEARCH_PATHS = (
					"$(inherited)",
					"@executable_path/Frameworks",
					"@loader_path/Frameworks",
				);
				MARKETING_VERSION = 1.0;
				PRODUCT_BUNDLE_IDENTIFIER = "-56.ContainerViewProjectsTests";
				PRODUCT_NAME = "$(TARGET_NAME)";
				SWIFT_EMIT_LOC_STRINGS = NO;
				SWIFT_VERSION = 5.0;
				TARGETED_DEVICE_FAMILY = "1,2";
				TEST_HOST = "$(BUILT_PRODUCTS_DIR)/ContainerViewProjects.app/ContainerViewProjects";
			};
			name = Release;
		};
		254EB3CD2A0206C800AE8E78 /* Debug */ = {
			isa = XCBuildConfiguration;
			buildSettings = {
				ALWAYS_EMBED_SWIFT_STANDARD_LIBRARIES = YES;
				CODE_SIGN_STYLE = Automatic;
				CURRENT_PROJECT_VERSION = 1;
				GENERATE_INFOPLIST_FILE = YES;
				LD_RUNPATH_SEARCH_PATHS = (
					"$(inherited)",
					"@executable_path/Frameworks",
					"@loader_path/Frameworks",
				);
				MARKETING_VERSION = 1.0;
				PRODUCT_BUNDLE_IDENTIFIER = "-56.ContainerViewProjectsUITests";
				PRODUCT_NAME = "$(TARGET_NAME)";
				SWIFT_EMIT_LOC_STRINGS = NO;
				SWIFT_VERSION = 5.0;
				TARGETED_DEVICE_FAMILY = "1,2";
				TEST_TARGET_NAME = ContainerViewProjects;
			};
			name = Debug;
		};
		254EB3CE2A0206C800AE8E78 /* Release */ = {
			isa = XCBuildConfiguration;
			buildSettings = {
				ALWAYS_EMBED_SWIFT_STANDARD_LIBRARIES = YES;
				CODE_SIGN_STYLE = Automatic;
				CURRENT_PROJECT_VERSION = 1;
				GENERATE_INFOPLIST_FILE = YES;
				LD_RUNPATH_SEARCH_PATHS = (
					"$(inherited)",
					"@executable_path/Frameworks",
					"@loader_path/Frameworks",
				);
				MARKETING_VERSION = 1.0;
				PRODUCT_BUNDLE_IDENTIFIER = "-56.ContainerViewProjectsUITests";
				PRODUCT_NAME = "$(TARGET_NAME)";
				SWIFT_EMIT_LOC_STRINGS = NO;
				SWIFT_VERSION = 5.0;
				TARGETED_DEVICE_FAMILY = "1,2";
				TEST_TARGET_NAME = ContainerViewProjects;
			};
			name = Release;
		};
/* End XCBuildConfiguration section */

/* Begin XCConfigurationList section */
		254EB3972A0206C700AE8E78 /* Build configuration list for PBXProject "ContainerViewProjects" */ = {
			isa = XCConfigurationList;
			buildConfigurations = (
				254EB3C42A0206C800AE8E78 /* Debug */,
				254EB3C52A0206C800AE8E78 /* Release */,
			);
			defaultConfigurationIsVisible = 0;
			defaultConfigurationName = Release;
		};
		254EB3C62A0206C800AE8E78 /* Build configuration list for PBXNativeTarget "ContainerViewProjects" */ = {
			isa = XCConfigurationList;
			buildConfigurations = (
				254EB3C72A0206C800AE8E78 /* Debug */,
				254EB3C82A0206C800AE8E78 /* Release */,
			);
			defaultConfigurationIsVisible = 0;
			defaultConfigurationName = Release;
		};
		254EB3C92A0206C800AE8E78 /* Build configuration list for PBXNativeTarget "ContainerViewProjectsTests" */ = {
			isa = XCConfigurationList;
			buildConfigurations = (
				254EB3CA2A0206C800AE8E78 /* Debug */,
				254EB3CB2A0206C800AE8E78 /* Release */,
			);
			defaultConfigurationIsVisible = 0;
			defaultConfigurationName = Release;
		};
		254EB3CC2A0206C800AE8E78 /* Build configuration list for PBXNativeTarget "ContainerViewProjectsUITests" */ = {
			isa = XCConfigurationList;
			buildConfigurations = (
				254EB3CD2A0206C800AE8E78 /* Debug */,
				254EB3CE2A0206C800AE8E78 /* Release */,
			);
			defaultConfigurationIsVisible = 0;
			defaultConfigurationName = Release;
		};
/* End XCConfigurationList section */
	};
	rootObject = 254EB3942A0206C700AE8E78 /* Project object */;
}
